<?xml version="1.0" encoding="UTF-8" standalone="yes" ?>
<CodeBlocks_project_file>
	<FileVersion major="1" minor="6" />
	<Project>
		<Option title="Mnist digit recognition" />
		<Option pch_mode="2" />
		<Option compiler="gcc" />
		<Build>
			<Target title="Debug">
				<Option output="bin/Debug/Mnist digit recognition" prefix_auto="1" extension_auto="1" />
				<Option object_output="obj/Debug/" />
				<Option type="1" />
				<Option compiler="gcc" />
				<Compiler>
					<Add option="-g" />
				</Compiler>
			</Target>
			<Target title="Release">
				<Option output="bin/Release/Mnist digit recognition" prefix_auto="1" extension_auto="1" />
				<Option object_output="obj/Release/" />
				<Option type="1" />
				<Option compiler="gcc" />
				<Compiler>
					<Add option="-O2" />
				</Compiler>
				<Linker>
					<Add option="-s" />
				</Linker>
			</Target>
		</Build>
		<Compiler>
			<Add option="-Wall" />
			<Add option="-fexceptions" />
		</Compiler>
		<Unit filename="data/mnist-dataset_FILES/t10k-images-idx3-ubyte/t10k-images-idx3-ubyte" />
		<Unit filename="data/mnist-dataset_FILES/t10k-images.idx3-ubyte" />
		<Unit filename="data/mnist-dataset_FILES/t10k-labels-idx1-ubyte/t10k-labels-idx1-ubyte" />
		<Unit filename="data/mnist-dataset_FILES/t10k-labels.idx1-ubyte" />
		<Unit filename="data/mnist-dataset_FILES/train-images-idx3-ubyte/train-images-idx3-ubyte" />
		<Unit filename="data/mnist-dataset_FILES/train-images.idx3-ubyte" />
		<Unit filename="data/mnist-dataset_FILES/train-labels-idx1-ubyte/train-labels-idx1-ubyte" />
		<Unit filename="data/mnist-dataset_FILES/train-labels.idx1-ubyte" />
		<Unit filename="main.cpp" />
		<Unit filename="src/C++ files/Heterogenous computing/kernel_management.cpp" />
		<Unit filename="src/C++ files/IO/fileio.cpp" />
		<Unit filename="src/C++ files/Image processing/digital_image_processing.cpp" />
		<Unit filename="src/C++ files/Machine learning/decision_tree.cpp" />
		<Unit filename="src/C++ files/Mathematics/mathematics.cpp" />
		<Unit filename="src/C++ files/UI/vulkan.cpp" />
		<Unit filename="src/Headers/C++ header files/decision_tree.hpp" />
		<Unit filename="src/Headers/C++ header files/digital_image_processing.hpp" />
		<Unit filename="src/Headers/C++ header files/fileio.hpp" />
		<Unit filename="src/Headers/C++ header files/kernel_management.hpp" />
		<Unit filename="src/Headers/C++ header files/mathematics.hpp" />
		<Unit filename="src/Headers/C++ header files/vulkan.hpp" />
		<Unit filename="src/OpenCL kernels/compute_radius.cl" />
		<Unit filename="src/OpenCL kernels/compute_spikes.cl" />
		<Unit filename="src/OpenCL kernels/train_tree.cl" />
		<Extensions />
	</Project>
</CodeBlocks_project_file>
